{
    "requires": true,
    "lockfileVersion": 1,
    "dependencies": {
        "gijgo": {
            "version": "1.9.13",
            "resolved": "https://registry.npmjs.org/gijgo/-/gijgo-1.9.13.tgz",
            "integrity": "sha512-VxUzueysKaSRpjNM6jiMdoTJuUEWiPJNir5PCVKat6uA1R6vH7crKyFnR/Ey1k2r0i1yvYeJ3QKsPFkTB7aZxg==",
            "requires": {
                "jquery": "^3.2.1"
            }
        },
        "jquery": {
            "version": "3.4.1",
            "resolved": "https://registry.npmjs.org/jquery/-/jquery-3.4.1.tgz",
            "integrity": "sha512-36+AdBzCL+y6qjw5Tx7HgzeGCzC81MDDgaUP8ld2zhx58HdqXGoBd+tHdrBMiyjGQs0Hxs/MLZTu/eHNJJuWPw=="
        }
    }
}
